# This file is @generated by PDM.
# It is not intended for manual editing.

[metadata]
groups = ["default"]
strategy = ["cross_platform", "inherit_metadata"]
lock_version = "4.4.1"
content_hash = "sha256:eb4f516149fd04f2de277d7d4a1cbbdfaeae8b2b126987d34ead8ee6c72a9249"

[[package]]
name = "altgraph"
version = "0.17.4"
summary = "Python graph (network) package"
groups = ["default"]
files = [
    {file = "altgraph-0.17.4-py2.py3-none-any.whl", hash = "sha256:642743b4750de17e655e6711601b077bc6598dbfa3ba5fa2b2a35ce12b508dff"},
    {file = "altgraph-0.17.4.tar.gz", hash = "sha256:1b5afbb98f6c4dcadb2e2ae6ab9fa994bbb8c1d75f4fa96d340f9437ae454406"},
]

[[package]]
name = "annotated-types"
version = "0.6.0"
requires_python = ">=3.8"
summary = "Reusable constraint types to use with typing.Annotated"
groups = ["default"]
files = [
    {file = "annotated_types-0.6.0-py3-none-any.whl", hash = "sha256:0641064de18ba7a25dee8f96403ebc39113d0cb953a01429249d5c7564666a43"},
    {file = "annotated_types-0.6.0.tar.gz", hash = "sha256:563339e807e53ffd9c267e99fc6d9ea23eb8443c08f112651963e24e22f84a5d"},
]

[[package]]
name = "anyio"
version = "4.2.0"
requires_python = ">=3.8"
summary = "High level compatibility layer for multiple asynchronous event loop implementations"
groups = ["default"]
dependencies = [
    "idna>=2.8",
    "sniffio>=1.1",
]
files = [
    {file = "anyio-4.2.0-py3-none-any.whl", hash = "sha256:745843b39e829e108e518c489b31dc757de7d2131d53fac32bd8df268227bfee"},
    {file = "anyio-4.2.0.tar.gz", hash = "sha256:e1875bb4b4e2de1669f4bc7869b6d3f54231cdced71605e6e64c9be77e3be50f"},
]

[[package]]
name = "click"
version = "8.1.7"
requires_python = ">=3.7"
summary = "Composable command line interface toolkit"
groups = ["default"]
dependencies = [
    "colorama; platform_system == \"Windows\"",
]
files = [
    {file = "click-8.1.7-py3-none-any.whl", hash = "sha256:ae74fb96c20a0277a1d615f1e4d73c8414f5a98db8b799a7931d1582f3390c28"},
    {file = "click-8.1.7.tar.gz", hash = "sha256:ca9853ad459e787e2192211578cc907e7594e294c7ccc834310722b41b9ca6de"},
]

[[package]]
name = "colorama"
version = "0.4.6"
requires_python = "!=3.0.*,!=3.1.*,!=3.2.*,!=3.3.*,!=3.4.*,!=3.5.*,!=3.6.*,>=2.7"
summary = "Cross-platform colored terminal text."
groups = ["default"]
marker = "platform_system == \"Windows\""
files = [
    {file = "colorama-0.4.6-py2.py3-none-any.whl", hash = "sha256:4f1d9991f5acc0ca119f9d443620b77f9d6b33703e51011c16baf57afb285fc6"},
    {file = "colorama-0.4.6.tar.gz", hash = "sha256:08695f5cb7ed6e0531a20572697297273c47b8cae5a63ffc6d6ed5c201be6e44"},
]

[[package]]
name = "fastapi"
version = "0.109.0"
requires_python = ">=3.8"
summary = "FastAPI framework, high performance, easy to learn, fast to code, ready for production"
groups = ["default"]
dependencies = [
    "pydantic!=1.8,!=1.8.1,!=2.0.0,!=2.0.1,!=2.1.0,<3.0.0,>=1.7.4",
    "starlette<0.36.0,>=0.35.0",
    "typing-extensions>=4.8.0",
]
files = [
    {file = "fastapi-0.109.0-py3-none-any.whl", hash = "sha256:8c77515984cd8e8cfeb58364f8cc7a28f0692088475e2614f7bf03275eba9093"},
    {file = "fastapi-0.109.0.tar.gz", hash = "sha256:b978095b9ee01a5cf49b19f4bc1ac9b8ca83aa076e770ef8fd9af09a2b88d191"},
]

[[package]]
name = "h11"
version = "0.14.0"
requires_python = ">=3.7"
summary = "A pure-Python, bring-your-own-I/O implementation of HTTP/1.1"
groups = ["default"]
files = [
    {file = "h11-0.14.0-py3-none-any.whl", hash = "sha256:e3fe4ac4b851c468cc8363d500db52c2ead036020723024a109d37346efaa761"},
    {file = "h11-0.14.0.tar.gz", hash = "sha256:8f19fbbe99e72420ff35c00b27a34cb9937e902a8b810e2c88300c6f0a3b699d"},
]

[[package]]
name = "idna"
version = "3.6"
requires_python = ">=3.5"
summary = "Internationalized Domain Names in Applications (IDNA)"
groups = ["default"]
files = [
    {file = "idna-3.6-py3-none-any.whl", hash = "sha256:c05567e9c24a6b9faaa835c4821bad0590fbb9d5779e7caa6e1cc4978e7eb24f"},
    {file = "idna-3.6.tar.gz", hash = "sha256:9ecdbbd083b06798ae1e86adcbfe8ab1479cf864e4ee30fe4e46a003d12491ca"},
]

[[package]]
name = "macholib"
version = "1.16.3"
summary = "Mach-O header analysis and editing"
groups = ["default"]
marker = "sys_platform == \"darwin\""
dependencies = [
    "altgraph>=0.17",
]
files = [
    {file = "macholib-1.16.3-py2.py3-none-any.whl", hash = "sha256:0e315d7583d38b8c77e815b1ecbdbf504a8258d8b3e17b61165c6feb60d18f2c"},
    {file = "macholib-1.16.3.tar.gz", hash = "sha256:07ae9e15e8e4cd9a788013d81f5908b3609aa76f9b1421bae9c4d7606ec86a30"},
]

[[package]]
name = "packaging"
version = "23.2"
requires_python = ">=3.7"
summary = "Core utilities for Python packages"
groups = ["default"]
files = [
    {file = "packaging-23.2-py3-none-any.whl", hash = "sha256:8c491190033a9af7e1d931d0b5dacc2ef47509b34dd0de67ed209b5203fc88c7"},
    {file = "packaging-23.2.tar.gz", hash = "sha256:048fb0e9405036518eaaf48a55953c750c11e1a1b68e0dd1a9d62ed0c092cfc5"},
]

[[package]]
name = "pefile"
version = "2023.2.7"
requires_python = ">=3.6.0"
summary = "Python PE parsing module"
groups = ["default"]
marker = "sys_platform == \"win32\""
files = [
    {file = "pefile-2023.2.7-py3-none-any.whl", hash = "sha256:da185cd2af68c08a6cd4481f7325ed600a88f6a813bad9dea07ab3ef73d8d8d6"},
    {file = "pefile-2023.2.7.tar.gz", hash = "sha256:82e6114004b3d6911c77c3953e3838654b04511b8b66e8583db70c65998017dc"},
]

[[package]]
name = "pydantic"
version = "2.6.0"
requires_python = ">=3.8"
summary = "Data validation using Python type hints"
groups = ["default"]
dependencies = [
    "annotated-types>=0.4.0",
    "pydantic-core==2.16.1",
    "typing-extensions>=4.6.1",
]
files = [
    {file = "pydantic-2.6.0-py3-none-any.whl", hash = "sha256:1440966574e1b5b99cf75a13bec7b20e3512e8a61b894ae252f56275e2c465ae"},
    {file = "pydantic-2.6.0.tar.gz", hash = "sha256:ae887bd94eb404b09d86e4d12f93893bdca79d766e738528c6fa1c849f3c6bcf"},
]

[[package]]
name = "pydantic-core"
version = "2.16.1"
requires_python = ">=3.8"
summary = ""
groups = ["default"]
dependencies = [
    "typing-extensions!=4.7.0,>=4.6.0",
]
files = [
    {file = "pydantic_core-2.16.1-cp312-cp312-macosx_10_12_x86_64.whl", hash = "sha256:0f478ec204772a5c8218e30eb813ca43e34005dff2eafa03931b3d8caef87d51"},
    {file = "pydantic_core-2.16.1-cp312-cp312-macosx_11_0_arm64.whl", hash = "sha256:f1936ef138bed2165dd8573aa65e3095ef7c2b6247faccd0e15186aabdda7f66"},
    {file = "pydantic_core-2.16.1-cp312-cp312-manylinux_2_17_aarch64.manylinux2014_aarch64.whl", hash = "sha256:99d3a433ef5dc3021c9534a58a3686c88363c591974c16c54a01af7efd741f13"},
    {file = "pydantic_core-2.16.1-cp312-cp312-manylinux_2_17_armv7l.manylinux2014_armv7l.whl", hash = "sha256:bd88f40f2294440d3f3c6308e50d96a0d3d0973d6f1a5732875d10f569acef49"},
    {file = "pydantic_core-2.16.1-cp312-cp312-manylinux_2_17_ppc64le.manylinux2014_ppc64le.whl", hash = "sha256:3fac641bbfa43d5a1bed99d28aa1fded1984d31c670a95aac1bf1d36ac6ce137"},
    {file = "pydantic_core-2.16.1-cp312-cp312-manylinux_2_17_s390x.manylinux2014_s390x.whl", hash = "sha256:72bf9308a82b75039b8c8edd2be2924c352eda5da14a920551a8b65d5ee89253"},
    {file = "pydantic_core-2.16.1-cp312-cp312-manylinux_2_17_x86_64.manylinux2014_x86_64.whl", hash = "sha256:fb4363e6c9fc87365c2bc777a1f585a22f2f56642501885ffc7942138499bf54"},
    {file = "pydantic_core-2.16.1-cp312-cp312-manylinux_2_5_i686.manylinux1_i686.whl", hash = "sha256:20f724a023042588d0f4396bbbcf4cffd0ddd0ad3ed4f0d8e6d4ac4264bae81e"},
    {file = "pydantic_core-2.16.1-cp312-cp312-musllinux_1_1_aarch64.whl", hash = "sha256:fb4370b15111905bf8b5ba2129b926af9470f014cb0493a67d23e9d7a48348e8"},
    {file = "pydantic_core-2.16.1-cp312-cp312-musllinux_1_1_x86_64.whl", hash = "sha256:23632132f1fd608034f1a56cc3e484be00854db845b3a4a508834be5a6435a6f"},
    {file = "pydantic_core-2.16.1-cp312-none-win32.whl", hash = "sha256:b9f3e0bffad6e238f7acc20c393c1ed8fab4371e3b3bc311020dfa6020d99212"},
    {file = "pydantic_core-2.16.1-cp312-none-win_amd64.whl", hash = "sha256:a0b4cfe408cd84c53bab7d83e4209458de676a6ec5e9c623ae914ce1cb79b96f"},
    {file = "pydantic_core-2.16.1-cp312-none-win_arm64.whl", hash = "sha256:d195add190abccefc70ad0f9a0141ad7da53e16183048380e688b466702195dd"},
    {file = "pydantic_core-2.16.1-pp310-pypy310_pp73-macosx_10_12_x86_64.whl", hash = "sha256:d25ef0c33f22649b7a088035fd65ac1ce6464fa2876578df1adad9472f918a76"},
    {file = "pydantic_core-2.16.1-pp310-pypy310_pp73-macosx_11_0_arm64.whl", hash = "sha256:99c095457eea8550c9fa9a7a992e842aeae1429dab6b6b378710f62bfb70b394"},
    {file = "pydantic_core-2.16.1-pp310-pypy310_pp73-manylinux_2_17_aarch64.manylinux2014_aarch64.whl", hash = "sha256:b49c604ace7a7aa8af31196abbf8f2193be605db6739ed905ecaf62af31ccae0"},
    {file = "pydantic_core-2.16.1-pp310-pypy310_pp73-manylinux_2_17_x86_64.manylinux2014_x86_64.whl", hash = "sha256:c56da23034fe66221f2208c813d8aa509eea34d97328ce2add56e219c3a9f41c"},
    {file = "pydantic_core-2.16.1-pp310-pypy310_pp73-manylinux_2_5_i686.manylinux1_i686.whl", hash = "sha256:cebf8d56fee3b08ad40d332a807ecccd4153d3f1ba8231e111d9759f02edfd05"},
    {file = "pydantic_core-2.16.1-pp310-pypy310_pp73-musllinux_1_1_aarch64.whl", hash = "sha256:1ae8048cba95f382dba56766525abca438328455e35c283bb202964f41a780b0"},
    {file = "pydantic_core-2.16.1-pp310-pypy310_pp73-musllinux_1_1_x86_64.whl", hash = "sha256:780daad9e35b18d10d7219d24bfb30148ca2afc309928e1d4d53de86822593dc"},
    {file = "pydantic_core-2.16.1-pp310-pypy310_pp73-win_amd64.whl", hash = "sha256:c94b5537bf6ce66e4d7830c6993152940a188600f6ae044435287753044a8fe2"},
    {file = "pydantic_core-2.16.1-pp39-pypy39_pp73-macosx_10_12_x86_64.whl", hash = "sha256:adf28099d061a25fbcc6531febb7a091e027605385de9fe14dd6a97319d614cf"},
    {file = "pydantic_core-2.16.1-pp39-pypy39_pp73-macosx_11_0_arm64.whl", hash = "sha256:644904600c15816a1f9a1bafa6aab0d21db2788abcdf4e2a77951280473f33e1"},
    {file = "pydantic_core-2.16.1-pp39-pypy39_pp73-manylinux_2_17_aarch64.manylinux2014_aarch64.whl", hash = "sha256:87bce04f09f0552b66fca0c4e10da78d17cb0e71c205864bab4e9595122cb9d9"},
    {file = "pydantic_core-2.16.1-pp39-pypy39_pp73-manylinux_2_17_x86_64.manylinux2014_x86_64.whl", hash = "sha256:877045a7969ace04d59516d5d6a7dee13106822f99a5d8df5e6822941f7bedc8"},
    {file = "pydantic_core-2.16.1-pp39-pypy39_pp73-manylinux_2_5_i686.manylinux1_i686.whl", hash = "sha256:9c46e556ee266ed3fb7b7a882b53df3c76b45e872fdab8d9cf49ae5e91147fd7"},
    {file = "pydantic_core-2.16.1-pp39-pypy39_pp73-musllinux_1_1_aarch64.whl", hash = "sha256:4eebbd049008eb800f519578e944b8dc8e0f7d59a5abb5924cc2d4ed3a1834ff"},
    {file = "pydantic_core-2.16.1-pp39-pypy39_pp73-musllinux_1_1_x86_64.whl", hash = "sha256:c0be58529d43d38ae849a91932391eb93275a06b93b79a8ab828b012e916a206"},
    {file = "pydantic_core-2.16.1-pp39-pypy39_pp73-win_amd64.whl", hash = "sha256:b1fc07896fc1851558f532dffc8987e526b682ec73140886c831d773cef44b76"},
    {file = "pydantic_core-2.16.1.tar.gz", hash = "sha256:daff04257b49ab7f4b3f73f98283d3dbb1a65bf3500d55c7beac3c66c310fe34"},
]

[[package]]
name = "pyinstaller"
version = "6.3.0"
requires_python = "<3.13,>=3.8"
summary = "PyInstaller bundles a Python application and all its dependencies into a single package."
groups = ["default"]
dependencies = [
    "altgraph",
    "macholib>=1.8; sys_platform == \"darwin\"",
    "packaging>=22.0",
    "pefile>=2022.5.30; sys_platform == \"win32\"",
    "pyinstaller-hooks-contrib>=2021.4",
    "pywin32-ctypes>=0.2.1; sys_platform == \"win32\"",
    "setuptools>=42.0.0",
]
files = [
    {file = "pyinstaller-6.3.0-py3-none-macosx_10_13_universal2.whl", hash = "sha256:75a6f2a6f835a2e6e0899d10e60c10caf5defd25aced38b1dd48fbbabc89de07"},
    {file = "pyinstaller-6.3.0-py3-none-manylinux2014_aarch64.whl", hash = "sha256:de25beb176f73a944758553caacec46cc665bf3910ad8a174706d79cf6e95340"},
    {file = "pyinstaller-6.3.0-py3-none-manylinux2014_i686.whl", hash = "sha256:e436fcc0ea87c3f132baac916d508c24c84a8f6d8a06c3154fbc753f169b76c7"},
    {file = "pyinstaller-6.3.0-py3-none-manylinux2014_ppc64le.whl", hash = "sha256:b721d793a33b6d9946c7dd95d3ea7589c0424b51cf1b9fe580f03c544f1336b2"},
    {file = "pyinstaller-6.3.0-py3-none-manylinux2014_s390x.whl", hash = "sha256:96c37a1ee5b2fd5bb25c098ef510661d6d17b6515d0b86d8fc93727dd2475ba3"},
    {file = "pyinstaller-6.3.0-py3-none-manylinux2014_x86_64.whl", hash = "sha256:abe91106a3bbccc3f3a27af4325676ecdb6f46cb842ac663625002a870fc503b"},
    {file = "pyinstaller-6.3.0-py3-none-musllinux_1_1_aarch64.whl", hash = "sha256:41c937fe8f07ae02009b3b5a96ac3eb0800a4f8a97af142d4100060fe2135bb9"},
    {file = "pyinstaller-6.3.0-py3-none-musllinux_1_1_x86_64.whl", hash = "sha256:886b3b995b674905a20ad5b720b47cc395897d7b391117831027a4c8c5d67a58"},
    {file = "pyinstaller-6.3.0-py3-none-win32.whl", hash = "sha256:0597fb04337695e5cc5250253e0655530bf14f264b7a5b7d219cc65f6889c4bd"},
    {file = "pyinstaller-6.3.0-py3-none-win_amd64.whl", hash = "sha256:156b32ba943e0090bcc68e40ae1cb68fd92b7f1ab6fe0bdf8faf3d3cfc4e12dd"},
    {file = "pyinstaller-6.3.0-py3-none-win_arm64.whl", hash = "sha256:1eadbd1fae84e2e6c678d8b4ed6a232ec5c8fe3a839aea5a3071c4c0282f98cc"},
    {file = "pyinstaller-6.3.0.tar.gz", hash = "sha256:914d4c96cc99472e37ac552fdd82fbbe09e67bb592d0717fcffaa99ea74273df"},
]

[[package]]
name = "pyinstaller-hooks-contrib"
version = "2024.0"
requires_python = ">=3.7"
summary = "Community maintained hooks for PyInstaller"
groups = ["default"]
dependencies = [
    "packaging>=22.0",
    "setuptools>=42.0.0",
]
files = [
    {file = "pyinstaller-hooks-contrib-2024.0.tar.gz", hash = "sha256:a7118c1a5c9788595e5c43ad058a7a5b7b6d59e1eceb42362f6ec1f0b61986b0"},
    {file = "pyinstaller_hooks_contrib-2024.0-py2.py3-none-any.whl", hash = "sha256:469b5690df53223e2e8abffb2e44d6ee596e7d79d4b1eed9465123b67439875a"},
]

[[package]]
name = "pyqt6"
version = "6.6.1"
requires_python = ">=3.6.1"
summary = "Python bindings for the Qt cross platform application toolkit"
groups = ["default"]
dependencies = [
    "PyQt6-Qt6>=6.6.0",
    "PyQt6-sip<14,>=13.6",
]
files = [
    {file = "PyQt6-6.6.1-cp38-abi3-macosx_10_14_universal2.whl", hash = "sha256:6b43878d0bbbcf8b7de165d305ec0cb87113c8930c92de748a11c473a6db5085"},
    {file = "PyQt6-6.6.1-cp38-abi3-manylinux_2_28_x86_64.whl", hash = "sha256:5aa0e833cb5a79b93813f8181d9f145517dd5a46f4374544bcd1e93a8beec537"},
    {file = "PyQt6-6.6.1-cp38-abi3-win_amd64.whl", hash = "sha256:03a656d5dc5ac31b6a9ad200f7f4f7ef49fa00ad7ce7a991b9bb691617141d12"},
    {file = "PyQt6-6.6.1.tar.gz", hash = "sha256:9f158aa29d205142c56f0f35d07784b8df0be28378d20a97bcda8bd64ffd0379"},
]

[[package]]
name = "pyqt6-qt6"
version = "6.6.1"
summary = "The subset of a Qt installation needed by PyQt6."
groups = ["default"]
files = [
    {file = "PyQt6_Qt6-6.6.1-py3-none-macosx_10_14_x86_64.whl", hash = "sha256:0409aa09b8dae90d5f00ba2d9761e671dfbc54ab169cff8f4cdfecd7f664fd0f"},
    {file = "PyQt6_Qt6-6.6.1-py3-none-macosx_11_0_arm64.whl", hash = "sha256:8dcac0bd9df13d63deafb6a61969b832c34467da4a28d2b7abf78066bfce22e6"},
    {file = "PyQt6_Qt6-6.6.1-py3-none-manylinux_2_28_x86_64.whl", hash = "sha256:e7df8851c93886412d890d0ecc62b39f42521861ee7a80982136d65903e1f2c5"},
    {file = "PyQt6_Qt6-6.6.1-py3-none-win_amd64.whl", hash = "sha256:41f1ed3eadc00540c205a0e897ae0e0fffc21b896e575214f7c5b9c86d2037d1"},
]

[[package]]
name = "pyqt6-sip"
version = "13.6.0"
requires_python = ">=3.7"
summary = "The sip module support for PyQt6"
groups = ["default"]
files = [
    {file = "PyQt6_sip-13.6.0-cp312-cp312-macosx_10_9_universal2.whl", hash = "sha256:3bf03e130fbfd75c9c06e687b86ba375410c7a9e835e4e03285889e61dd4b0c4"},
    {file = "PyQt6_sip-13.6.0-cp312-cp312-manylinux_2_5_x86_64.manylinux1_x86_64.whl", hash = "sha256:43fb8551796030aae3d66d6e35e277494071ec6172cd182c9569ab7db268a2f5"},
    {file = "PyQt6_sip-13.6.0-cp312-cp312-win32.whl", hash = "sha256:13885361ca2cb2f5085d50359ba61b3fabd41b139fb58f37332acbe631ef2357"},
    {file = "PyQt6_sip-13.6.0-cp312-cp312-win_amd64.whl", hash = "sha256:24441032a29791e82beb7dfd76878339058def0e97fdb7c1cea517f3a0e6e96b"},
    {file = "PyQt6_sip-13.6.0.tar.gz", hash = "sha256:2486e1588071943d4f6657ba09096dc9fffd2322ad2c30041e78ea3f037b5778"},
]

[[package]]
name = "python-multipart"
version = "0.0.6"
requires_python = ">=3.7"
summary = "A streaming multipart parser for Python"
groups = ["default"]
files = [
    {file = "python_multipart-0.0.6-py3-none-any.whl", hash = "sha256:ee698bab5ef148b0a760751c261902cd096e57e10558e11aca17646b74ee1c18"},
    {file = "python_multipart-0.0.6.tar.gz", hash = "sha256:e9925a80bb668529f1b67c7fdb0a5dacdd7cbfc6fb0bff3ea443fe22bdd62132"},
]

[[package]]
name = "pywin32-ctypes"
version = "0.2.2"
requires_python = ">=3.6"
summary = "A (partial) reimplementation of pywin32 using ctypes/cffi"
groups = ["default"]
marker = "sys_platform == \"win32\""
files = [
    {file = "pywin32-ctypes-0.2.2.tar.gz", hash = "sha256:3426e063bdd5fd4df74a14fa3cf80a0b42845a87e1d1e81f6549f9daec593a60"},
    {file = "pywin32_ctypes-0.2.2-py3-none-any.whl", hash = "sha256:bf490a1a709baf35d688fe0ecf980ed4de11d2b3e37b51e5442587a75d9957e7"},
]

[[package]]
name = "setuptools"
version = "69.0.3"
requires_python = ">=3.8"
summary = "Easily download, build, install, upgrade, and uninstall Python packages"
groups = ["default"]
files = [
    {file = "setuptools-69.0.3-py3-none-any.whl", hash = "sha256:385eb4edd9c9d5c17540511303e39a147ce2fc04bc55289c322b9e5904fe2c05"},
    {file = "setuptools-69.0.3.tar.gz", hash = "sha256:be1af57fc409f93647f2e8e4573a142ed38724b8cdd389706a867bb4efcf1e78"},
]

[[package]]
name = "sniffio"
version = "1.3.0"
requires_python = ">=3.7"
summary = "Sniff out which async library your code is running under"
groups = ["default"]
files = [
    {file = "sniffio-1.3.0-py3-none-any.whl", hash = "sha256:eecefdce1e5bbfb7ad2eeaabf7c1eeb404d7757c379bd1f7e5cce9d8bf425384"},
    {file = "sniffio-1.3.0.tar.gz", hash = "sha256:e60305c5e5d314f5389259b7f22aaa33d8f7dee49763119234af3755c55b9101"},
]

[[package]]
name = "starlette"
version = "0.35.1"
requires_python = ">=3.8"
summary = "The little ASGI library that shines."
groups = ["default"]
dependencies = [
    "anyio<5,>=3.4.0",
]
files = [
    {file = "starlette-0.35.1-py3-none-any.whl", hash = "sha256:50bbbda9baa098e361f398fda0928062abbaf1f54f4fadcbe17c092a01eb9a25"},
    {file = "starlette-0.35.1.tar.gz", hash = "sha256:3e2639dac3520e4f58734ed22553f950d3f3cb1001cd2eaac4d57e8cdc5f66bc"},
]

[[package]]
name = "typing-extensions"
version = "4.9.0"
requires_python = ">=3.8"
summary = "Backported and Experimental Type Hints for Python 3.8+"
groups = ["default"]
files = [
    {file = "typing_extensions-4.9.0-py3-none-any.whl", hash = "sha256:af72aea155e91adfc61c3ae9e0e342dbc0cba726d6cba4b6c72c1f34e47291cd"},
    {file = "typing_extensions-4.9.0.tar.gz", hash = "sha256:23478f88c37f27d76ac8aee6c905017a143b0b1b886c3c9f66bc2fd94f9f5783"},
]

[[package]]
name = "uvicorn"
version = "0.27.0.post1"
requires_python = ">=3.8"
summary = "The lightning-fast ASGI server."
groups = ["default"]
dependencies = [
    "click>=7.0",
    "h11>=0.8",
]
files = [
    {file = "uvicorn-0.27.0.post1-py3-none-any.whl", hash = "sha256:4b85ba02b8a20429b9b205d015cbeb788a12da527f731811b643fd739ef90d5f"},
    {file = "uvicorn-0.27.0.post1.tar.gz", hash = "sha256:54898fcd80c13ff1cd28bf77b04ec9dbd8ff60c5259b499b4b12bb0917f22907"},
]
