# This file is @generated by PDM.
# It is not intended for manual editing.

[metadata]
groups = ["default"]
strategy = ["cross_platform", "inherit_metadata"]
lock_version = "4.4.1"
content_hash = "sha256:92c8d93d58b2c7b3b802ccbbf6ec3650bd7a2a59a8f562c3098200adabb5ec51"

[[package]]
name = "altgraph"
version = "0.17.4"
summary = "Python graph (network) package"
groups = ["default"]
files = [
    {file = "altgraph-0.17.4-py2.py3-none-any.whl", hash = "sha256:642743b4750de17e655e6711601b077bc6598dbfa3ba5fa2b2a35ce12b508dff"},
    {file = "altgraph-0.17.4.tar.gz", hash = "sha256:1b5afbb98f6c4dcadb2e2ae6ab9fa994bbb8c1d75f4fa96d340f9437ae454406"},
]

[[package]]
name = "macholib"
version = "1.16.3"
summary = "Mach-O header analysis and editing"
groups = ["default"]
marker = "sys_platform == \"darwin\""
dependencies = [
    "altgraph>=0.17",
]
files = [
    {file = "macholib-1.16.3-py2.py3-none-any.whl", hash = "sha256:0e315d7583d38b8c77e815b1ecbdbf504a8258d8b3e17b61165c6feb60d18f2c"},
    {file = "macholib-1.16.3.tar.gz", hash = "sha256:07ae9e15e8e4cd9a788013d81f5908b3609aa76f9b1421bae9c4d7606ec86a30"},
]

[[package]]
name = "packaging"
version = "23.2"
requires_python = ">=3.7"
summary = "Core utilities for Python packages"
groups = ["default"]
files = [
    {file = "packaging-23.2-py3-none-any.whl", hash = "sha256:8c491190033a9af7e1d931d0b5dacc2ef47509b34dd0de67ed209b5203fc88c7"},
    {file = "packaging-23.2.tar.gz", hash = "sha256:048fb0e9405036518eaaf48a55953c750c11e1a1b68e0dd1a9d62ed0c092cfc5"},
]

[[package]]
name = "pefile"
version = "2023.2.7"
requires_python = ">=3.6.0"
summary = "Python PE parsing module"
groups = ["default"]
marker = "sys_platform == \"win32\""
files = [
    {file = "pefile-2023.2.7-py3-none-any.whl", hash = "sha256:da185cd2af68c08a6cd4481f7325ed600a88f6a813bad9dea07ab3ef73d8d8d6"},
    {file = "pefile-2023.2.7.tar.gz", hash = "sha256:82e6114004b3d6911c77c3953e3838654b04511b8b66e8583db70c65998017dc"},
]

[[package]]
name = "pyinstaller"
version = "6.3.0"
requires_python = "<3.13,>=3.8"
summary = "PyInstaller bundles a Python application and all its dependencies into a single package."
groups = ["default"]
dependencies = [
    "altgraph",
    "macholib>=1.8; sys_platform == \"darwin\"",
    "packaging>=22.0",
    "pefile>=2022.5.30; sys_platform == \"win32\"",
    "pyinstaller-hooks-contrib>=2021.4",
    "pywin32-ctypes>=0.2.1; sys_platform == \"win32\"",
    "setuptools>=42.0.0",
]
files = [
    {file = "pyinstaller-6.3.0-py3-none-macosx_10_13_universal2.whl", hash = "sha256:75a6f2a6f835a2e6e0899d10e60c10caf5defd25aced38b1dd48fbbabc89de07"},
    {file = "pyinstaller-6.3.0-py3-none-manylinux2014_aarch64.whl", hash = "sha256:de25beb176f73a944758553caacec46cc665bf3910ad8a174706d79cf6e95340"},
    {file = "pyinstaller-6.3.0-py3-none-manylinux2014_i686.whl", hash = "sha256:e436fcc0ea87c3f132baac916d508c24c84a8f6d8a06c3154fbc753f169b76c7"},
    {file = "pyinstaller-6.3.0-py3-none-manylinux2014_ppc64le.whl", hash = "sha256:b721d793a33b6d9946c7dd95d3ea7589c0424b51cf1b9fe580f03c544f1336b2"},
    {file = "pyinstaller-6.3.0-py3-none-manylinux2014_s390x.whl", hash = "sha256:96c37a1ee5b2fd5bb25c098ef510661d6d17b6515d0b86d8fc93727dd2475ba3"},
    {file = "pyinstaller-6.3.0-py3-none-manylinux2014_x86_64.whl", hash = "sha256:abe91106a3bbccc3f3a27af4325676ecdb6f46cb842ac663625002a870fc503b"},
    {file = "pyinstaller-6.3.0-py3-none-musllinux_1_1_aarch64.whl", hash = "sha256:41c937fe8f07ae02009b3b5a96ac3eb0800a4f8a97af142d4100060fe2135bb9"},
    {file = "pyinstaller-6.3.0-py3-none-musllinux_1_1_x86_64.whl", hash = "sha256:886b3b995b674905a20ad5b720b47cc395897d7b391117831027a4c8c5d67a58"},
    {file = "pyinstaller-6.3.0-py3-none-win32.whl", hash = "sha256:0597fb04337695e5cc5250253e0655530bf14f264b7a5b7d219cc65f6889c4bd"},
    {file = "pyinstaller-6.3.0-py3-none-win_amd64.whl", hash = "sha256:156b32ba943e0090bcc68e40ae1cb68fd92b7f1ab6fe0bdf8faf3d3cfc4e12dd"},
    {file = "pyinstaller-6.3.0-py3-none-win_arm64.whl", hash = "sha256:1eadbd1fae84e2e6c678d8b4ed6a232ec5c8fe3a839aea5a3071c4c0282f98cc"},
    {file = "pyinstaller-6.3.0.tar.gz", hash = "sha256:914d4c96cc99472e37ac552fdd82fbbe09e67bb592d0717fcffaa99ea74273df"},
]

[[package]]
name = "pyinstaller-hooks-contrib"
version = "2024.0"
requires_python = ">=3.7"
summary = "Community maintained hooks for PyInstaller"
groups = ["default"]
dependencies = [
    "packaging>=22.0",
    "setuptools>=42.0.0",
]
files = [
    {file = "pyinstaller-hooks-contrib-2024.0.tar.gz", hash = "sha256:a7118c1a5c9788595e5c43ad058a7a5b7b6d59e1eceb42362f6ec1f0b61986b0"},
    {file = "pyinstaller_hooks_contrib-2024.0-py2.py3-none-any.whl", hash = "sha256:469b5690df53223e2e8abffb2e44d6ee596e7d79d4b1eed9465123b67439875a"},
]

[[package]]
name = "pyqt6"
version = "6.6.1"
requires_python = ">=3.6.1"
summary = "Python bindings for the Qt cross platform application toolkit"
groups = ["default"]
dependencies = [
    "PyQt6-Qt6>=6.6.0",
    "PyQt6-sip<14,>=13.6",
]
files = [
    {file = "PyQt6-6.6.1-cp38-abi3-macosx_10_14_universal2.whl", hash = "sha256:6b43878d0bbbcf8b7de165d305ec0cb87113c8930c92de748a11c473a6db5085"},
    {file = "PyQt6-6.6.1-cp38-abi3-manylinux_2_28_x86_64.whl", hash = "sha256:5aa0e833cb5a79b93813f8181d9f145517dd5a46f4374544bcd1e93a8beec537"},
    {file = "PyQt6-6.6.1-cp38-abi3-win_amd64.whl", hash = "sha256:03a656d5dc5ac31b6a9ad200f7f4f7ef49fa00ad7ce7a991b9bb691617141d12"},
    {file = "PyQt6-6.6.1.tar.gz", hash = "sha256:9f158aa29d205142c56f0f35d07784b8df0be28378d20a97bcda8bd64ffd0379"},
]

[[package]]
name = "pyqt6-qt6"
version = "6.6.1"
summary = "The subset of a Qt installation needed by PyQt6."
groups = ["default"]
files = [
    {file = "PyQt6_Qt6-6.6.1-py3-none-macosx_10_14_x86_64.whl", hash = "sha256:0409aa09b8dae90d5f00ba2d9761e671dfbc54ab169cff8f4cdfecd7f664fd0f"},
    {file = "PyQt6_Qt6-6.6.1-py3-none-macosx_11_0_arm64.whl", hash = "sha256:8dcac0bd9df13d63deafb6a61969b832c34467da4a28d2b7abf78066bfce22e6"},
    {file = "PyQt6_Qt6-6.6.1-py3-none-manylinux_2_28_x86_64.whl", hash = "sha256:e7df8851c93886412d890d0ecc62b39f42521861ee7a80982136d65903e1f2c5"},
    {file = "PyQt6_Qt6-6.6.1-py3-none-win_amd64.whl", hash = "sha256:41f1ed3eadc00540c205a0e897ae0e0fffc21b896e575214f7c5b9c86d2037d1"},
]

[[package]]
name = "pyqt6-sip"
version = "13.6.0"
requires_python = ">=3.7"
summary = "The sip module support for PyQt6"
groups = ["default"]
files = [
    {file = "PyQt6_sip-13.6.0-cp312-cp312-macosx_10_9_universal2.whl", hash = "sha256:3bf03e130fbfd75c9c06e687b86ba375410c7a9e835e4e03285889e61dd4b0c4"},
    {file = "PyQt6_sip-13.6.0-cp312-cp312-manylinux_2_5_x86_64.manylinux1_x86_64.whl", hash = "sha256:43fb8551796030aae3d66d6e35e277494071ec6172cd182c9569ab7db268a2f5"},
    {file = "PyQt6_sip-13.6.0-cp312-cp312-win32.whl", hash = "sha256:13885361ca2cb2f5085d50359ba61b3fabd41b139fb58f37332acbe631ef2357"},
    {file = "PyQt6_sip-13.6.0-cp312-cp312-win_amd64.whl", hash = "sha256:24441032a29791e82beb7dfd76878339058def0e97fdb7c1cea517f3a0e6e96b"},
    {file = "PyQt6_sip-13.6.0.tar.gz", hash = "sha256:2486e1588071943d4f6657ba09096dc9fffd2322ad2c30041e78ea3f037b5778"},
]

[[package]]
name = "pywin32-ctypes"
version = "0.2.2"
requires_python = ">=3.6"
summary = "A (partial) reimplementation of pywin32 using ctypes/cffi"
groups = ["default"]
marker = "sys_platform == \"win32\""
files = [
    {file = "pywin32-ctypes-0.2.2.tar.gz", hash = "sha256:3426e063bdd5fd4df74a14fa3cf80a0b42845a87e1d1e81f6549f9daec593a60"},
    {file = "pywin32_ctypes-0.2.2-py3-none-any.whl", hash = "sha256:bf490a1a709baf35d688fe0ecf980ed4de11d2b3e37b51e5442587a75d9957e7"},
]

[[package]]
name = "setuptools"
version = "69.0.3"
requires_python = ">=3.8"
summary = "Easily download, build, install, upgrade, and uninstall Python packages"
groups = ["default"]
files = [
    {file = "setuptools-69.0.3-py3-none-any.whl", hash = "sha256:385eb4edd9c9d5c17540511303e39a147ce2fc04bc55289c322b9e5904fe2c05"},
    {file = "setuptools-69.0.3.tar.gz", hash = "sha256:be1af57fc409f93647f2e8e4573a142ed38724b8cdd389706a867bb4efcf1e78"},
]
